// !$*UTF8*$!
{
	archiveVersion = 1;
	classes = {
	};
	objectVersion = 46;
	objects = {

/* Begin PBXBuildFile section */
		5635F99017DECDB500826143 /* TPSinaWeiboConst.m in Sources */ = {isa = PBXBuildFile; fileRef = 5635F98F17DECDB400826143 /* TPSinaWeiboConst.m */; };
		56A3B0DF17E16D93005ADC1C /* TPSinaWeiboAccount.m in Sources */ = {isa = PBXBuildFile; fileRef = 56A3B0DC17E16D93005ADC1C /* TPSinaWeiboAccount.m */; };
		56A3B0E017E16D93005ADC1C /* TPSinaWeiboAccountService.m in Sources */ = {isa = PBXBuildFile; fileRef = 56A3B0DE17E16D93005ADC1C /* TPSinaWeiboAccountService.m */; };
		56F5DB9817DDDF0500B2B885 /* TPSinaWeiboRequestFactory.m in Sources */ = {isa = PBXBuildFile; fileRef = 56F5DB9717DDDF0500B2B885 /* TPSinaWeiboRequestFactory.m */; };
		56F5DB9B17DDE10700B2B885 /* TPSinaWeiboUserTimelineRequest.m in Sources */ = {isa = PBXBuildFile; fileRef = 56F5DB9A17DDE10700B2B885 /* TPSinaWeiboUserTimelineRequest.m */; };
		56F5DB9E17DDED5900B2B885 /* TPSinaWeiboFriendsRequest.m in Sources */ = {isa = PBXBuildFile; fileRef = 56F5DB9D17DDED5800B2B885 /* TPSinaWeiboFriendsRequest.m */; };
		56F5DBA117DDED8100B2B885 /* TPSinaWeiboCommentsRequest.m in Sources */ = {isa = PBXBuildFile; fileRef = 56F5DBA017DDED8000B2B885 /* TPSinaWeiboCommentsRequest.m */; };
		56F5DBA417DDED9C00B2B885 /* TPSinaWeiboUpdateStatusRequest.m in Sources */ = {isa = PBXBuildFile; fileRef = 56F5DBA317DDED9C00B2B885 /* TPSinaWeiboUpdateStatusRequest.m */; };
		56F5DBA717DDEDB400B2B885 /* TPSinaWeiboUploadStatusRequest.m in Sources */ = {isa = PBXBuildFile; fileRef = 56F5DBA617DDEDB300B2B885 /* TPSinaWeiboUploadStatusRequest.m */; };
		56F5DBA917DDF85D00B2B885 /* testImage.png in Resources */ = {isa = PBXBuildFile; fileRef = 56F5DBA817DDF85D00B2B885 /* testImage.png */; };
		F49C2E4417DB0AE3007836C4 /* UIKit.framework in Frameworks */ = {isa = PBXBuildFile; fileRef = F49C2E4317DB0AE3007836C4 /* UIKit.framework */; };
		F49C2E4617DB0AE3007836C4 /* Foundation.framework in Frameworks */ = {isa = PBXBuildFile; fileRef = F49C2E4517DB0AE3007836C4 /* Foundation.framework */; };
		F49C2E4817DB0AE3007836C4 /* CoreGraphics.framework in Frameworks */ = {isa = PBXBuildFile; fileRef = F49C2E4717DB0AE3007836C4 /* CoreGraphics.framework */; };
		F49C2E4E17DB0AE3007836C4 /* InfoPlist.strings in Resources */ = {isa = PBXBuildFile; fileRef = F49C2E4C17DB0AE3007836C4 /* InfoPlist.strings */; };
		F49C2E5017DB0AE3007836C4 /* main.m in Sources */ = {isa = PBXBuildFile; fileRef = F49C2E4F17DB0AE3007836C4 /* main.m */; };
		F49C2E5417DB0AE3007836C4 /* AppDelegate.m in Sources */ = {isa = PBXBuildFile; fileRef = F49C2E5317DB0AE3007836C4 /* AppDelegate.m */; };
		F49C2E5617DB0AE3007836C4 /* Default.png in Resources */ = {isa = PBXBuildFile; fileRef = F49C2E5517DB0AE3007836C4 /* Default.png */; };
		F49C2E5817DB0AE3007836C4 /* Default@2x.png in Resources */ = {isa = PBXBuildFile; fileRef = F49C2E5717DB0AE3007836C4 /* Default@2x.png */; };
		F49C2E5A17DB0AE3007836C4 /* Default-568h@2x.png in Resources */ = {isa = PBXBuildFile; fileRef = F49C2E5917DB0AE3007836C4 /* Default-568h@2x.png */; };
		F49C2E5D17DB0AE3007836C4 /* ViewController.m in Sources */ = {isa = PBXBuildFile; fileRef = F49C2E5C17DB0AE3007836C4 /* ViewController.m */; };
		F49C2E6017DB0AE3007836C4 /* ViewController_iPhone.xib in Resources */ = {isa = PBXBuildFile; fileRef = F49C2E5E17DB0AE3007836C4 /* ViewController_iPhone.xib */; };
		F49C2E6317DB0AE3007836C4 /* ViewController_iPad.xib in Resources */ = {isa = PBXBuildFile; fileRef = F49C2E6117DB0AE3007836C4 /* ViewController_iPad.xib */; };
		F49C2E7817DB0AFA007836C4 /* JSONKit.m in Sources */ = {isa = PBXBuildFile; fileRef = F49C2E6C17DB0AFA007836C4 /* JSONKit.m */; settings = {COMPILER_FLAGS = "-fno-objc-arc"; }; };
		F49C2E7917DB0AFA007836C4 /* SinaWeibo.bundle in Resources */ = {isa = PBXBuildFile; fileRef = F49C2E6E17DB0AFA007836C4 /* SinaWeibo.bundle */; };
		F49C2E7A17DB0AFA007836C4 /* SinaWeibo.m in Sources */ = {isa = PBXBuildFile; fileRef = F49C2E7017DB0AFA007836C4 /* SinaWeibo.m */; settings = {COMPILER_FLAGS = "-fno-objc-arc"; }; };
		F49C2E7B17DB0AFA007836C4 /* SinaWeiboAuthorizeView.m in Sources */ = {isa = PBXBuildFile; fileRef = F49C2E7217DB0AFA007836C4 /* SinaWeiboAuthorizeView.m */; settings = {COMPILER_FLAGS = "-fno-objc-arc"; }; };
		F49C2E7C17DB0AFA007836C4 /* SinaWeiboData.m in Sources */ = {isa = PBXBuildFile; fileRef = F49C2E7517DB0AFA007836C4 /* SinaWeiboData.m */; settings = {COMPILER_FLAGS = "-fno-objc-arc"; }; };
		F49C2E7D17DB0AFA007836C4 /* SinaWeiboRequest.m in Sources */ = {isa = PBXBuildFile; fileRef = F49C2E7717DB0AFA007836C4 /* SinaWeiboRequest.m */; settings = {COMPILER_FLAGS = "-fno-objc-arc"; }; };
		F49C2F8417DB0FEE007836C4 /* CFNetwork.framework in Frameworks */ = {isa = PBXBuildFile; fileRef = F49C2F8317DB0FEE007836C4 /* CFNetwork.framework */; };
		F49C2F8617DB0FFF007836C4 /* MobileCoreServices.framework in Frameworks */ = {isa = PBXBuildFile; fileRef = F49C2F8517DB0FFF007836C4 /* MobileCoreServices.framework */; };
		F49C2F8817DB1008007836C4 /* SystemConfiguration.framework in Frameworks */ = {isa = PBXBuildFile; fileRef = F49C2F8717DB1008007836C4 /* SystemConfiguration.framework */; };
		F49C2F9617DB150A007836C4 /* libz.dylib in Frameworks */ = {isa = PBXBuildFile; fileRef = F49C2F9517DB150A007836C4 /* libz.dylib */; };
		F49C2F9817DB1515007836C4 /* libxml2.dylib in Frameworks */ = {isa = PBXBuildFile; fileRef = F49C2F9717DB1515007836C4 /* libxml2.dylib */; };
		F49C30EC17DB564D007836C4 /* ASIAuthenticationDialog.m in Sources */ = {isa = PBXBuildFile; fileRef = F49C30A717DB564D007836C4 /* ASIAuthenticationDialog.m */; settings = {COMPILER_FLAGS = "-fno-objc-arc"; }; };
		F49C30ED17DB564D007836C4 /* ASIDataCompressor.m in Sources */ = {isa = PBXBuildFile; fileRef = F49C30AA17DB564D007836C4 /* ASIDataCompressor.m */; settings = {COMPILER_FLAGS = "-fno-objc-arc"; }; };
		F49C30EE17DB564D007836C4 /* ASIDataDecompressor.m in Sources */ = {isa = PBXBuildFile; fileRef = F49C30AC17DB564D007836C4 /* ASIDataDecompressor.m */; settings = {COMPILER_FLAGS = "-fno-objc-arc"; }; };
		F49C30EF17DB564D007836C4 /* ASIDownloadCache.m in Sources */ = {isa = PBXBuildFile; fileRef = F49C30AE17DB564D007836C4 /* ASIDownloadCache.m */; settings = {COMPILER_FLAGS = "-fno-objc-arc"; }; };
		F49C30F017DB564D007836C4 /* ASIFormDataRequest.m in Sources */ = {isa = PBXBuildFile; fileRef = F49C30B017DB564D007836C4 /* ASIFormDataRequest.m */; settings = {COMPILER_FLAGS = "-fno-objc-arc"; }; };
		F49C30F117DB564D007836C4 /* ASIHTTPRequest.m in Sources */ = {isa = PBXBuildFile; fileRef = F49C30B217DB564D007836C4 /* ASIHTTPRequest.m */; settings = {COMPILER_FLAGS = "-fno-objc-arc"; }; };
		F49C30F217DB564D007836C4 /* ASIInputStream.m in Sources */ = {isa = PBXBuildFile; fileRef = F49C30B617DB564D007836C4 /* ASIInputStream.m */; settings = {COMPILER_FLAGS = "-fno-objc-arc"; }; };
		F49C30F317DB564D007836C4 /* ASINetworkQueue.m in Sources */ = {isa = PBXBuildFile; fileRef = F49C30B817DB564D007836C4 /* ASINetworkQueue.m */; settings = {COMPILER_FLAGS = "-fno-objc-arc"; }; };
		F49C30F417DB564D007836C4 /* ASIWebPageRequest.m in Sources */ = {isa = PBXBuildFile; fileRef = F49C30BC17DB564D007836C4 /* ASIWebPageRequest.m */; settings = {COMPILER_FLAGS = "-fno-objc-arc"; }; };
		F49C30F517DB564D007836C4 /* ASICloudFilesCDNRequest.m in Sources */ = {isa = PBXBuildFile; fileRef = F49C30BF17DB564D007836C4 /* ASICloudFilesCDNRequest.m */; settings = {COMPILER_FLAGS = "-fno-objc-arc"; }; };
		F49C30F617DB564D007836C4 /* ASICloudFilesContainer.m in Sources */ = {isa = PBXBuildFile; fileRef = F49C30C117DB564D007836C4 /* ASICloudFilesContainer.m */; settings = {COMPILER_FLAGS = "-fno-objc-arc"; }; };
		F49C30F717DB564D007836C4 /* ASICloudFilesContainerRequest.m in Sources */ = {isa = PBXBuildFile; fileRef = F49C30C317DB564D007836C4 /* ASICloudFilesContainerRequest.m */; settings = {COMPILER_FLAGS = "-fno-objc-arc"; }; };
		F49C30F817DB564D007836C4 /* ASICloudFilesContainerXMLParserDelegate.m in Sources */ = {isa = PBXBuildFile; fileRef = F49C30C517DB564D007836C4 /* ASICloudFilesContainerXMLParserDelegate.m */; settings = {COMPILER_FLAGS = "-fno-objc-arc"; }; };
		F49C30F917DB564D007836C4 /* ASICloudFilesObject.m in Sources */ = {isa = PBXBuildFile; fileRef = F49C30C717DB564D007836C4 /* ASICloudFilesObject.m */; settings = {COMPILER_FLAGS = "-fno-objc-arc"; }; };
		F49C30FA17DB564D007836C4 /* ASICloudFilesObjectRequest.m in Sources */ = {isa = PBXBuildFile; fileRef = F49C30C917DB564D007836C4 /* ASICloudFilesObjectRequest.m */; settings = {COMPILER_FLAGS = "-fno-objc-arc"; }; };
		F49C30FB17DB564D007836C4 /* ASICloudFilesRequest.m in Sources */ = {isa = PBXBuildFile; fileRef = F49C30CB17DB564D007836C4 /* ASICloudFilesRequest.m */; settings = {COMPILER_FLAGS = "-fno-objc-arc"; }; };
		F49C30FC17DB564D007836C4 /* ASIS3Bucket.m in Sources */ = {isa = PBXBuildFile; fileRef = F49C30CF17DB564D007836C4 /* ASIS3Bucket.m */; settings = {COMPILER_FLAGS = "-fno-objc-arc"; }; };
		F49C30FD17DB564D007836C4 /* ASIS3BucketObject.m in Sources */ = {isa = PBXBuildFile; fileRef = F49C30D117DB564D007836C4 /* ASIS3BucketObject.m */; settings = {COMPILER_FLAGS = "-fno-objc-arc"; }; };
		F49C30FE17DB564D007836C4 /* ASIS3BucketRequest.m in Sources */ = {isa = PBXBuildFile; fileRef = F49C30D317DB564D007836C4 /* ASIS3BucketRequest.m */; settings = {COMPILER_FLAGS = "-fno-objc-arc"; }; };
		F49C30FF17DB564D007836C4 /* ASIS3ObjectRequest.m in Sources */ = {isa = PBXBuildFile; fileRef = F49C30D517DB564D007836C4 /* ASIS3ObjectRequest.m */; settings = {COMPILER_FLAGS = "-fno-objc-arc"; }; };
		F49C310017DB564D007836C4 /* ASIS3Request.m in Sources */ = {isa = PBXBuildFile; fileRef = F49C30D717DB564D007836C4 /* ASIS3Request.m */; settings = {COMPILER_FLAGS = "-fno-objc-arc"; }; };
		F49C310117DB564D007836C4 /* ASIS3ServiceRequest.m in Sources */ = {isa = PBXBuildFile; fileRef = F49C30D917DB564D007836C4 /* ASIS3ServiceRequest.m */; settings = {COMPILER_FLAGS = "-fno-objc-arc"; }; };
		F49C310217DB564D007836C4 /* README-GHUnit in Resources */ = {isa = PBXBuildFile; fileRef = F49C30DC17DB564D007836C4 /* README-GHUnit */; };
		F49C310317DB564D007836C4 /* Reachability.m in Sources */ = {isa = PBXBuildFile; fileRef = F49C30DF17DB564D007836C4 /* Reachability.m */; settings = {COMPILER_FLAGS = "-fno-objc-arc"; }; };
		F49C310417DB564D007836C4 /* TPSinaWeiboRequest.m in Sources */ = {isa = PBXBuildFile; fileRef = F49C30E217DB564D007836C4 /* TPSinaWeiboRequest.m */; };
		F49C310517DB564D007836C4 /* TPNetworkManager.m in Sources */ = {isa = PBXBuildFile; fileRef = F49C30E417DB564D007836C4 /* TPNetworkManager.m */; };
		F49C310717DB564D007836C4 /* TPSinaWeiboCommonFuction.m in Sources */ = {isa = PBXBuildFile; fileRef = F49C30E817DB564D007836C4 /* TPSinaWeiboCommonFuction.m */; };
		F49C310817DB564D007836C4 /* TPSinaWeiboEngine.m in Sources */ = {isa = PBXBuildFile; fileRef = F49C30EB17DB564D007836C4 /* TPSinaWeiboEngine.m */; };
		F4FC736E17DC828D00ED7D5E /* TPSinaWeiboUserInfoRequest.m in Sources */ = {isa = PBXBuildFile; fileRef = F4FC736D17DC828D00ED7D5E /* TPSinaWeiboUserInfoRequest.m */; };
/* End PBXBuildFile section */

/* Begin PBXFileReference section */
		5635F98E17DECDB400826143 /* TPSinaWeiboConst.h */ = {isa = PBXFileReference; fileEncoding = 4; lastKnownFileType = sourcecode.c.h; name = TPSinaWeiboConst.h; path = ResourceRequest/TPSinaWeiboConst.h; sourceTree = "<group>"; };
		5635F98F17DECDB400826143 /* TPSinaWeiboConst.m */ = {isa = PBXFileReference; fileEncoding = 4; lastKnownFileType = sourcecode.c.objc; name = TPSinaWeiboConst.m; path = ResourceRequest/TPSinaWeiboConst.m; sourceTree = "<group>"; };
		56A3B0DB17E16D93005ADC1C /* TPSinaWeiboAccount.h */ = {isa = PBXFileReference; fileEncoding = 4; lastKnownFileType = sourcecode.c.h; path = TPSinaWeiboAccount.h; sourceTree = "<group>"; };
		56A3B0DC17E16D93005ADC1C /* TPSinaWeiboAccount.m */ = {isa = PBXFileReference; fileEncoding = 4; lastKnownFileType = sourcecode.c.objc; path = TPSinaWeiboAccount.m; sourceTree = "<group>"; };
		56A3B0DD17E16D93005ADC1C /* TPSinaWeiboAccountService.h */ = {isa = PBXFileReference; fileEncoding = 4; lastKnownFileType = sourcecode.c.h; path = TPSinaWeiboAccountService.h; sourceTree = "<group>"; };
		56A3B0DE17E16D93005ADC1C /* TPSinaWeiboAccountService.m */ = {isa = PBXFileReference; fileEncoding = 4; lastKnownFileType = sourcecode.c.objc; path = TPSinaWeiboAccountService.m; sourceTree = "<group>"; };
		56F5DB9617DDDF0500B2B885 /* TPSinaWeiboRequestFactory.h */ = {isa = PBXFileReference; fileEncoding = 4; lastKnownFileType = sourcecode.c.h; path = TPSinaWeiboRequestFactory.h; sourceTree = "<group>"; };
		56F5DB9717DDDF0500B2B885 /* TPSinaWeiboRequestFactory.m */ = {isa = PBXFileReference; fileEncoding = 4; lastKnownFileType = sourcecode.c.objc; path = TPSinaWeiboRequestFactory.m; sourceTree = "<group>"; };
		56F5DB9917DDE10700B2B885 /* TPSinaWeiboUserTimelineRequest.h */ = {isa = PBXFileReference; fileEncoding = 4; lastKnownFileType = sourcecode.c.h; path = TPSinaWeiboUserTimelineRequest.h; sourceTree = "<group>"; };
		56F5DB9A17DDE10700B2B885 /* TPSinaWeiboUserTimelineRequest.m */ = {isa = PBXFileReference; fileEncoding = 4; lastKnownFileType = sourcecode.c.objc; path = TPSinaWeiboUserTimelineRequest.m; sourceTree = "<group>"; };
		56F5DB9C17DDED5800B2B885 /* TPSinaWeiboFriendsRequest.h */ = {isa = PBXFileReference; fileEncoding = 4; lastKnownFileType = sourcecode.c.h; path = TPSinaWeiboFriendsRequest.h; sourceTree = "<group>"; };
		56F5DB9D17DDED5800B2B885 /* TPSinaWeiboFriendsRequest.m */ = {isa = PBXFileReference; fileEncoding = 4; lastKnownFileType = sourcecode.c.objc; path = TPSinaWeiboFriendsRequest.m; sourceTree = "<group>"; };
		56F5DB9F17DDED7F00B2B885 /* TPSinaWeiboCommentsRequest.h */ = {isa = PBXFileReference; fileEncoding = 4; lastKnownFileType = sourcecode.c.h; path = TPSinaWeiboCommentsRequest.h; sourceTree = "<group>"; };
		56F5DBA017DDED8000B2B885 /* TPSinaWeiboCommentsRequest.m */ = {isa = PBXFileReference; fileEncoding = 4; lastKnownFileType = sourcecode.c.objc; path = TPSinaWeiboCommentsRequest.m; sourceTree = "<group>"; };
		56F5DBA217DDED9B00B2B885 /* TPSinaWeiboUpdateStatusRequest.h */ = {isa = PBXFileReference; fileEncoding = 4; lastKnownFileType = sourcecode.c.h; path = TPSinaWeiboUpdateStatusRequest.h; sourceTree = "<group>"; };
		56F5DBA317DDED9C00B2B885 /* TPSinaWeiboUpdateStatusRequest.m */ = {isa = PBXFileReference; fileEncoding = 4; lastKnownFileType = sourcecode.c.objc; path = TPSinaWeiboUpdateStatusRequest.m; sourceTree = "<group>"; };
		56F5DBA517DDEDB300B2B885 /* TPSinaWeiboUploadStatusRequest.h */ = {isa = PBXFileReference; fileEncoding = 4; lastKnownFileType = sourcecode.c.h; path = TPSinaWeiboUploadStatusRequest.h; sourceTree = "<group>"; };
		56F5DBA617DDEDB300B2B885 /* TPSinaWeiboUploadStatusRequest.m */ = {isa = PBXFileReference; fileEncoding = 4; lastKnownFileType = sourcecode.c.objc; path = TPSinaWeiboUploadStatusRequest.m; sourceTree = "<group>"; };
		56F5DBA817DDF85D00B2B885 /* testImage.png */ = {isa = PBXFileReference; lastKnownFileType = image.png; path = testImage.png; sourceTree = "<group>"; };
		F49C2E4017DB0AE3007836C4 /* TPSinaWeiboSDK.app */ = {isa = PBXFileReference; explicitFileType = wrapper.application; includeInIndex = 0; path = TPSinaWeiboSDK.app; sourceTree = BUILT_PRODUCTS_DIR; };
		F49C2E4317DB0AE3007836C4 /* UIKit.framework */ = {isa = PBXFileReference; lastKnownFileType = wrapper.framework; name = UIKit.framework; path = System/Library/Frameworks/UIKit.framework; sourceTree = SDKROOT; };
		F49C2E4517DB0AE3007836C4 /* Foundation.framework */ = {isa = PBXFileReference; lastKnownFileType = wrapper.framework; name = Foundation.framework; path = System/Library/Frameworks/Foundation.framework; sourceTree = SDKROOT; };
		F49C2E4717DB0AE3007836C4 /* CoreGraphics.framework */ = {isa = PBXFileReference; lastKnownFileType = wrapper.framework; name = CoreGraphics.framework; path = System/Library/Frameworks/CoreGraphics.framework; sourceTree = SDKROOT; };
		F49C2E4B17DB0AE3007836C4 /* TPSinaWeiboSDK-Info.plist */ = {isa = PBXFileReference; lastKnownFileType = text.plist.xml; path = "TPSinaWeiboSDK-Info.plist"; sourceTree = "<group>"; };
		F49C2E4D17DB0AE3007836C4 /* en */ = {isa = PBXFileReference; lastKnownFileType = text.plist.strings; name = en; path = en.lproj/InfoPlist.strings; sourceTree = "<group>"; };
		F49C2E4F17DB0AE3007836C4 /* main.m */ = {isa = PBXFileReference; lastKnownFileType = sourcecode.c.objc; path = main.m; sourceTree = "<group>"; };
		F49C2E5117DB0AE3007836C4 /* TPSinaWeiboSDK-Prefix.pch */ = {isa = PBXFileReference; lastKnownFileType = sourcecode.c.h; path = "TPSinaWeiboSDK-Prefix.pch"; sourceTree = "<group>"; };
		F49C2E5217DB0AE3007836C4 /* AppDelegate.h */ = {isa = PBXFileReference; lastKnownFileType = sourcecode.c.h; path = AppDelegate.h; sourceTree = "<group>"; };
		F49C2E5317DB0AE3007836C4 /* AppDelegate.m */ = {isa = PBXFileReference; lastKnownFileType = sourcecode.c.objc; path = AppDelegate.m; sourceTree = "<group>"; };
		F49C2E5517DB0AE3007836C4 /* Default.png */ = {isa = PBXFileReference; lastKnownFileType = image.png; path = Default.png; sourceTree = "<group>"; };
		F49C2E5717DB0AE3007836C4 /* Default@2x.png */ = {isa = PBXFileReference; lastKnownFileType = image.png; path = "Default@2x.png"; sourceTree = "<group>"; };
		F49C2E5917DB0AE3007836C4 /* Default-568h@2x.png */ = {isa = PBXFileReference; lastKnownFileType = image.png; path = "Default-568h@2x.png"; sourceTree = "<group>"; };
		F49C2E5B17DB0AE3007836C4 /* ViewController.h */ = {isa = PBXFileReference; lastKnownFileType = sourcecode.c.h; path = ViewController.h; sourceTree = "<group>"; };
		F49C2E5C17DB0AE3007836C4 /* ViewController.m */ = {isa = PBXFileReference; lastKnownFileType = sourcecode.c.objc; path = ViewController.m; sourceTree = "<group>"; };
		F49C2E5F17DB0AE3007836C4 /* en */ = {isa = PBXFileReference; lastKnownFileType = file.xib; name = en; path = en.lproj/ViewController_iPhone.xib; sourceTree = "<group>"; };
		F49C2E6217DB0AE3007836C4 /* en */ = {isa = PBXFileReference; lastKnownFileType = file.xib; name = en; path = en.lproj/ViewController_iPad.xib; sourceTree = "<group>"; };
		F49C2E6B17DB0AFA007836C4 /* JSONKit.h */ = {isa = PBXFileReference; fileEncoding = 4; lastKnownFileType = sourcecode.c.h; path = JSONKit.h; sourceTree = "<group>"; };
		F49C2E6C17DB0AFA007836C4 /* JSONKit.m */ = {isa = PBXFileReference; fileEncoding = 4; lastKnownFileType = sourcecode.c.objc; path = JSONKit.m; sourceTree = "<group>"; };
		F49C2E6E17DB0AFA007836C4 /* SinaWeibo.bundle */ = {isa = PBXFileReference; lastKnownFileType = "wrapper.plug-in"; path = SinaWeibo.bundle; sourceTree = "<group>"; };
		F49C2E6F17DB0AFA007836C4 /* SinaWeibo.h */ = {isa = PBXFileReference; fileEncoding = 4; lastKnownFileType = sourcecode.c.h; path = SinaWeibo.h; sourceTree = "<group>"; };
		F49C2E7017DB0AFA007836C4 /* SinaWeibo.m */ = {isa = PBXFileReference; fileEncoding = 4; lastKnownFileType = sourcecode.c.objc; path = SinaWeibo.m; sourceTree = "<group>"; };
		F49C2E7117DB0AFA007836C4 /* SinaWeiboAuthorizeView.h */ = {isa = PBXFileReference; fileEncoding = 4; lastKnownFileType = sourcecode.c.h; path = SinaWeiboAuthorizeView.h; sourceTree = "<group>"; };
		F49C2E7217DB0AFA007836C4 /* SinaWeiboAuthorizeView.m */ = {isa = PBXFileReference; fileEncoding = 4; lastKnownFileType = sourcecode.c.objc; path = SinaWeiboAuthorizeView.m; sourceTree = "<group>"; };
		F49C2E7317DB0AFA007836C4 /* SinaWeiboConstants.h */ = {isa = PBXFileReference; fileEncoding = 4; lastKnownFileType = sourcecode.c.h; path = SinaWeiboConstants.h; sourceTree = "<group>"; };
		F49C2E7417DB0AFA007836C4 /* SinaWeiboData.h */ = {isa = PBXFileReference; fileEncoding = 4; lastKnownFileType = sourcecode.c.h; path = SinaWeiboData.h; sourceTree = "<group>"; };
		F49C2E7517DB0AFA007836C4 /* SinaWeiboData.m */ = {isa = PBXFileReference; fileEncoding = 4; lastKnownFileType = sourcecode.c.objc; path = SinaWeiboData.m; sourceTree = "<group>"; };
		F49C2E7617DB0AFA007836C4 /* SinaWeiboRequest.h */ = {isa = PBXFileReference; fileEncoding = 4; lastKnownFileType = sourcecode.c.h; path = SinaWeiboRequest.h; sourceTree = "<group>"; };
		F49C2E7717DB0AFA007836C4 /* SinaWeiboRequest.m */ = {isa = PBXFileReference; fileEncoding = 4; lastKnownFileType = sourcecode.c.objc; path = SinaWeiboRequest.m; sourceTree = "<group>"; };
		F49C2F8317DB0FEE007836C4 /* CFNetwork.framework */ = {isa = PBXFileReference; lastKnownFileType = wrapper.framework; name = CFNetwork.framework; path = System/Library/Frameworks/CFNetwork.framework; sourceTree = SDKROOT; };
		F49C2F8517DB0FFF007836C4 /* MobileCoreServices.framework */ = {isa = PBXFileReference; lastKnownFileType = wrapper.framework; name = MobileCoreServices.framework; path = System/Library/Frameworks/MobileCoreServices.framework; sourceTree = SDKROOT; };
		F49C2F8717DB1008007836C4 /* SystemConfiguration.framework */ = {isa = PBXFileReference; lastKnownFileType = wrapper.framework; name = SystemConfiguration.framework; path = System/Library/Frameworks/SystemConfiguration.framework; sourceTree = SDKROOT; };
		F49C2F9517DB150A007836C4 /* libz.dylib */ = {isa = PBXFileReference; lastKnownFileType = "compiled.mach-o.dylib"; name = libz.dylib; path = usr/lib/libz.dylib; sourceTree = SDKROOT; };
		F49C2F9717DB1515007836C4 /* libxml2.dylib */ = {isa = PBXFileReference; lastKnownFileType = "compiled.mach-o.dylib"; name = libxml2.dylib; path = usr/lib/libxml2.dylib; sourceTree = SDKROOT; };
		F49C30A617DB564D007836C4 /* ASIAuthenticationDialog.h */ = {isa = PBXFileReference; fileEncoding = 4; lastKnownFileType = sourcecode.c.h; path = ASIAuthenticationDialog.h; sourceTree = "<group>"; };
		F49C30A717DB564D007836C4 /* ASIAuthenticationDialog.m */ = {isa = PBXFileReference; fileEncoding = 4; lastKnownFileType = sourcecode.c.objc; path = ASIAuthenticationDialog.m; sourceTree = "<group>"; };
		F49C30A817DB564D007836C4 /* ASICacheDelegate.h */ = {isa = PBXFileReference; fileEncoding = 4; lastKnownFileType = sourcecode.c.h; path = ASICacheDelegate.h; sourceTree = "<group>"; };
		F49C30A917DB564D007836C4 /* ASIDataCompressor.h */ = {isa = PBXFileReference; fileEncoding = 4; lastKnownFileType = sourcecode.c.h; path = ASIDataCompressor.h; sourceTree = "<group>"; };
		F49C30AA17DB564D007836C4 /* ASIDataCompressor.m */ = {isa = PBXFileReference; fileEncoding = 4; lastKnownFileType = sourcecode.c.objc; path = ASIDataCompressor.m; sourceTree = "<group>"; };
		F49C30AB17DB564D007836C4 /* ASIDataDecompressor.h */ = {isa = PBXFileReference; fileEncoding = 4; lastKnownFileType = sourcecode.c.h; path = ASIDataDecompressor.h; sourceTree = "<group>"; };
		F49C30AC17DB564D007836C4 /* ASIDataDecompressor.m */ = {isa = PBXFileReference; fileEncoding = 4; lastKnownFileType = sourcecode.c.objc; path = ASIDataDecompressor.m; sourceTree = "<group>"; };
		F49C30AD17DB564D007836C4 /* ASIDownloadCache.h */ = {isa = PBXFileReference; fileEncoding = 4; lastKnownFileType = sourcecode.c.h; path = ASIDownloadCache.h; sourceTree = "<group>"; };
		F49C30AE17DB564D007836C4 /* ASIDownloadCache.m */ = {isa = PBXFileReference; fileEncoding = 4; lastKnownFileType = sourcecode.c.objc; path = ASIDownloadCache.m; sourceTree = "<group>"; };
		F49C30AF17DB564D007836C4 /* ASIFormDataRequest.h */ = {isa = PBXFileReference; fileEncoding = 4; lastKnownFileType = sourcecode.c.h; path = ASIFormDataRequest.h; sourceTree = "<group>"; };
		F49C30B017DB564D007836C4 /* ASIFormDataRequest.m */ = {isa = PBXFileReference; fileEncoding = 4; lastKnownFileType = sourcecode.c.objc; path = ASIFormDataRequest.m; sourceTree = "<group>"; };
		F49C30B117DB564D007836C4 /* ASIHTTPRequest.h */ = {isa = PBXFileReference; fileEncoding = 4; lastKnownFileType = sourcecode.c.h; path = ASIHTTPRequest.h; sourceTree = "<group>"; };
		F49C30B217DB564D007836C4 /* ASIHTTPRequest.m */ = {isa = PBXFileReference; fileEncoding = 4; lastKnownFileType = sourcecode.c.objc; path = ASIHTTPRequest.m; sourceTree = "<group>"; };
		F49C30B317DB564D007836C4 /* ASIHTTPRequestConfig.h */ = {isa = PBXFileReference; fileEncoding = 4; lastKnownFileType = sourcecode.c.h; path = ASIHTTPRequestConfig.h; sourceTree = "<group>"; };
		F49C30B417DB564D007836C4 /* ASIHTTPRequestDelegate.h */ = {isa = PBXFileReference; fileEncoding = 4; lastKnownFileType = sourcecode.c.h; path = ASIHTTPRequestDelegate.h; sourceTree = "<group>"; };
		F49C30B517DB564D007836C4 /* ASIInputStream.h */ = {isa = PBXFileReference; fileEncoding = 4; lastKnownFileType = sourcecode.c.h; path = ASIInputStream.h; sourceTree = "<group>"; };
		F49C30B617DB564D007836C4 /* ASIInputStream.m */ = {isa = PBXFileReference; fileEncoding = 4; lastKnownFileType = sourcecode.c.objc; path = ASIInputStream.m; sourceTree = "<group>"; };
		F49C30B717DB564D007836C4 /* ASINetworkQueue.h */ = {isa = PBXFileReference; fileEncoding = 4; lastKnownFileType = sourcecode.c.h; path = ASINetworkQueue.h; sourceTree = "<group>"; };
		F49C30B817DB564D007836C4 /* ASINetworkQueue.m */ = {isa = PBXFileReference; fileEncoding = 4; lastKnownFileType = sourcecode.c.objc; path = ASINetworkQueue.m; sourceTree = "<group>"; };
		F49C30B917DB564D007836C4 /* ASIProgressDelegate.h */ = {isa = PBXFileReference; fileEncoding = 4; lastKnownFileType = sourcecode.c.h; path = ASIProgressDelegate.h; sourceTree = "<group>"; };
		F49C30BB17DB564D007836C4 /* ASIWebPageRequest.h */ = {isa = PBXFileReference; fileEncoding = 4; lastKnownFileType = sourcecode.c.h; path = ASIWebPageRequest.h; sourceTree = "<group>"; };
		F49C30BC17DB564D007836C4 /* ASIWebPageRequest.m */ = {isa = PBXFileReference; fileEncoding = 4; lastKnownFileType = sourcecode.c.objc; path = ASIWebPageRequest.m; sourceTree = "<group>"; };
		F49C30BE17DB564D007836C4 /* ASICloudFilesCDNRequest.h */ = {isa = PBXFileReference; fileEncoding = 4; lastKnownFileType = sourcecode.c.h; path = ASICloudFilesCDNRequest.h; sourceTree = "<group>"; };
		F49C30BF17DB564D007836C4 /* ASICloudFilesCDNRequest.m */ = {isa = PBXFileReference; fileEncoding = 4; lastKnownFileType = sourcecode.c.objc; path = ASICloudFilesCDNRequest.m; sourceTree = "<group>"; };
		F49C30C017DB564D007836C4 /* ASICloudFilesContainer.h */ = {isa = PBXFileReference; fileEncoding = 4; lastKnownFileType = sourcecode.c.h; path = ASICloudFilesContainer.h; sourceTree = "<group>"; };
		F49C30C117DB564D007836C4 /* ASICloudFilesContainer.m */ = {isa = PBXFileReference; fileEncoding = 4; lastKnownFileType = sourcecode.c.objc; path = ASICloudFilesContainer.m; sourceTree = "<group>"; };
		F49C30C217DB564D007836C4 /* ASICloudFilesContainerRequest.h */ = {isa = PBXFileReference; fileEncoding = 4; lastKnownFileType = sourcecode.c.h; path = ASICloudFilesContainerRequest.h; sourceTree = "<group>"; };
		F49C30C317DB564D007836C4 /* ASICloudFilesContainerRequest.m */ = {isa = PBXFileReference; fileEncoding = 4; lastKnownFileType = sourcecode.c.objc; path = ASICloudFilesContainerRequest.m; sourceTree = "<group>"; };
		F49C30C417DB564D007836C4 /* ASICloudFilesContainerXMLParserDelegate.h */ = {isa = PBXFileReference; fileEncoding = 4; lastKnownFileType = sourcecode.c.h; path = ASICloudFilesContainerXMLParserDelegate.h; sourceTree = "<group>"; };
		F49C30C517DB564D007836C4 /* ASICloudFilesContainerXMLParserDelegate.m */ = {isa = PBXFileReference; fileEncoding = 4; lastKnownFileType = sourcecode.c.objc; path = ASICloudFilesContainerXMLParserDelegate.m; sourceTree = "<group>"; };
		F49C30C617DB564D007836C4 /* ASICloudFilesObject.h */ = {isa = PBXFileReference; fileEncoding = 4; lastKnownFileType = sourcecode.c.h; path = ASICloudFilesObject.h; sourceTree = "<group>"; };
		F49C30C717DB564D007836C4 /* ASICloudFilesObject.m */ = {isa = PBXFileReference; fileEncoding = 4; lastKnownFileType = sourcecode.c.objc; path = ASICloudFilesObject.m; sourceTree = "<group>"; };
		F49C30C817DB564D007836C4 /* ASICloudFilesObjectRequest.h */ = {isa = PBXFileReference; fileEncoding = 4; lastKnownFileType = sourcecode.c.h; path = ASICloudFilesObjectRequest.h; sourceTree = "<group>"; };
		F49C30C917DB564D007836C4 /* ASICloudFilesObjectRequest.m */ = {isa = PBXFileReference; fileEncoding = 4; lastKnownFileType = sourcecode.c.objc; path = ASICloudFilesObjectRequest.m; sourceTree = "<group>"; };
		F49C30CA17DB564D007836C4 /* ASICloudFilesRequest.h */ = {isa = PBXFileReference; fileEncoding = 4; lastKnownFileType = sourcecode.c.h; path = ASICloudFilesRequest.h; sourceTree = "<group>"; };
		F49C30CB17DB564D007836C4 /* ASICloudFilesRequest.m */ = {isa = PBXFileReference; fileEncoding = 4; lastKnownFileType = sourcecode.c.objc; path = ASICloudFilesRequest.m; sourceTree = "<group>"; };
		F49C30CD17DB564D007836C4 /* ASINSXMLParserCompat.h */ = {isa = PBXFileReference; fileEncoding = 4; lastKnownFileType = sourcecode.c.h; path = ASINSXMLParserCompat.h; sourceTree = "<group>"; };
		F49C30CE17DB564D007836C4 /* ASIS3Bucket.h */ = {isa = PBXFileReference; fileEncoding = 4; lastKnownFileType = sourcecode.c.h; path = ASIS3Bucket.h; sourceTree = "<group>"; };
		F49C30CF17DB564D007836C4 /* ASIS3Bucket.m */ = {isa = PBXFileReference; fileEncoding = 4; lastKnownFileType = sourcecode.c.objc; path = ASIS3Bucket.m; sourceTree = "<group>"; };
		F49C30D017DB564D007836C4 /* ASIS3BucketObject.h */ = {isa = PBXFileReference; fileEncoding = 4; lastKnownFileType = sourcecode.c.h; path = ASIS3BucketObject.h; sourceTree = "<group>"; };
		F49C30D117DB564D007836C4 /* ASIS3BucketObject.m */ = {isa = PBXFileReference; fileEncoding = 4; lastKnownFileType = sourcecode.c.objc; path = ASIS3BucketObject.m; sourceTree = "<group>"; };
		F49C30D217DB564D007836C4 /* ASIS3BucketRequest.h */ = {isa = PBXFileReference; fileEncoding = 4; lastKnownFileType = sourcecode.c.h; path = ASIS3BucketRequest.h; sourceTree = "<group>"; };
		F49C30D317DB564D007836C4 /* ASIS3BucketRequest.m */ = {isa = PBXFileReference; fileEncoding = 4; lastKnownFileType = sourcecode.c.objc; path = ASIS3BucketRequest.m; sourceTree = "<group>"; };
		F49C30D417DB564D007836C4 /* ASIS3ObjectRequest.h */ = {isa = PBXFileReference; fileEncoding = 4; lastKnownFileType = sourcecode.c.h; path = ASIS3ObjectRequest.h; sourceTree = "<group>"; };
		F49C30D517DB564D007836C4 /* ASIS3ObjectRequest.m */ = {isa = PBXFileReference; fileEncoding = 4; lastKnownFileType = sourcecode.c.objc; path = ASIS3ObjectRequest.m; sourceTree = "<group>"; };
		F49C30D617DB564D007836C4 /* ASIS3Request.h */ = {isa = PBXFileReference; fileEncoding = 4; lastKnownFileType = sourcecode.c.h; path = ASIS3Request.h; sourceTree = "<group>"; };
		F49C30D717DB564D007836C4 /* ASIS3Request.m */ = {isa = PBXFileReference; fileEncoding = 4; lastKnownFileType = sourcecode.c.objc; path = ASIS3Request.m; sourceTree = "<group>"; };
		F49C30D817DB564D007836C4 /* ASIS3ServiceRequest.h */ = {isa = PBXFileReference; fileEncoding = 4; lastKnownFileType = sourcecode.c.h; path = ASIS3ServiceRequest.h; sourceTree = "<group>"; };
		F49C30D917DB564D007836C4 /* ASIS3ServiceRequest.m */ = {isa = PBXFileReference; fileEncoding = 4; lastKnownFileType = sourcecode.c.objc; path = ASIS3ServiceRequest.m; sourceTree = "<group>"; };
		F49C30DC17DB564D007836C4 /* README-GHUnit */ = {isa = PBXFileReference; fileEncoding = 4; lastKnownFileType = text; path = "README-GHUnit"; sourceTree = "<group>"; };
		F49C30DE17DB564D007836C4 /* Reachability.h */ = {isa = PBXFileReference; fileEncoding = 4; lastKnownFileType = sourcecode.c.h; path = Reachability.h; sourceTree = "<group>"; };
		F49C30DF17DB564D007836C4 /* Reachability.m */ = {isa = PBXFileReference; fileEncoding = 4; lastKnownFileType = sourcecode.c.objc; path = Reachability.m; sourceTree = "<group>"; };
		F49C30E117DB564D007836C4 /* TPSinaWeiboRequest.h */ = {isa = PBXFileReference; fileEncoding = 4; lastKnownFileType = sourcecode.c.h; path = TPSinaWeiboRequest.h; sourceTree = "<group>"; };
		F49C30E217DB564D007836C4 /* TPSinaWeiboRequest.m */ = {isa = PBXFileReference; fileEncoding = 4; lastKnownFileType = sourcecode.c.objc; path = TPSinaWeiboRequest.m; sourceTree = "<group>"; };
		F49C30E317DB564D007836C4 /* TPNetworkManager.h */ = {isa = PBXFileReference; fileEncoding = 4; lastKnownFileType = sourcecode.c.h; path = TPNetworkManager.h; sourceTree = "<group>"; };
		F49C30E417DB564D007836C4 /* TPNetworkManager.m */ = {isa = PBXFileReference; fileEncoding = 4; lastKnownFileType = sourcecode.c.objc; path = TPNetworkManager.m; sourceTree = "<group>"; };
		F49C30E717DB564D007836C4 /* TPSinaWeiboCommonFuction.h */ = {isa = PBXFileReference; fileEncoding = 4; lastKnownFileType = sourcecode.c.h; path = TPSinaWeiboCommonFuction.h; sourceTree = "<group>"; };
		F49C30E817DB564D007836C4 /* TPSinaWeiboCommonFuction.m */ = {isa = PBXFileReference; fileEncoding = 4; lastKnownFileType = sourcecode.c.objc; path = TPSinaWeiboCommonFuction.m; sourceTree = "<group>"; };
		F49C30EA17DB564D007836C4 /* TPSinaWeiboEngine.h */ = {isa = PBXFileReference; fileEncoding = 4; lastKnownFileType = sourcecode.c.h; path = TPSinaWeiboEngine.h; sourceTree = "<group>"; };
		F49C30EB17DB564D007836C4 /* TPSinaWeiboEngine.m */ = {isa = PBXFileReference; fileEncoding = 4; lastKnownFileType = sourcecode.c.objc; path = TPSinaWeiboEngine.m; sourceTree = "<group>"; };
		F4FC736C17DC828D00ED7D5E /* TPSinaWeiboUserInfoRequest.h */ = {isa = PBXFileReference; fileEncoding = 4; lastKnownFileType = sourcecode.c.h; path = TPSinaWeiboUserInfoRequest.h; sourceTree = "<group>"; };
		F4FC736D17DC828D00ED7D5E /* TPSinaWeiboUserInfoRequest.m */ = {isa = PBXFileReference; fileEncoding = 4; lastKnownFileType = sourcecode.c.objc; path = TPSinaWeiboUserInfoRequest.m; sourceTree = "<group>"; };
/* End PBXFileReference section */

/* Begin PBXFrameworksBuildPhase section */
		F49C2E3D17DB0AE3007836C4 /* Frameworks */ = {
			isa = PBXFrameworksBuildPhase;
			buildActionMask = 2147483647;
			files = (
				F49C2F9817DB1515007836C4 /* libxml2.dylib in Frameworks */,
				F49C2F9617DB150A007836C4 /* libz.dylib in Frameworks */,
				F49C2F8817DB1008007836C4 /* SystemConfiguration.framework in Frameworks */,
				F49C2F8617DB0FFF007836C4 /* MobileCoreServices.framework in Frameworks */,
				F49C2F8417DB0FEE007836C4 /* CFNetwork.framework in Frameworks */,
				F49C2E4417DB0AE3007836C4 /* UIKit.framework in Frameworks */,
				F49C2E4617DB0AE3007836C4 /* Foundation.framework in Frameworks */,
				F49C2E4817DB0AE3007836C4 /* CoreGraphics.framework in Frameworks */,
			);
			runOnlyForDeploymentPostprocessing = 0;
		};
/* End PBXFrameworksBuildPhase section */

/* Begin PBXGroup section */
		56A3B0DA17E16D93005ADC1C /* Account */ = {
			isa = PBXGroup;
			children = (
				56A3B0DB17E16D93005ADC1C /* TPSinaWeiboAccount.h */,
				56A3B0DC17E16D93005ADC1C /* TPSinaWeiboAccount.m */,
				56A3B0DD17E16D93005ADC1C /* TPSinaWeiboAccountService.h */,
				56A3B0DE17E16D93005ADC1C /* TPSinaWeiboAccountService.m */,
			);
			path = Account;
			sourceTree = "<group>";
		};
		F49C2E3717DB0AE3007836C4 = {
			isa = PBXGroup;
			children = (
				F49C2E6917DB0AFA007836C4 /* weibo */,
				F49C2E4917DB0AE3007836C4 /* TPSinaWeiboSDK */,
				F49C2E4217DB0AE3007836C4 /* Frameworks */,
				F49C2E4117DB0AE3007836C4 /* Products */,
			);
			sourceTree = "<group>";
		};
		F49C2E4117DB0AE3007836C4 /* Products */ = {
			isa = PBXGroup;
			children = (
				F49C2E4017DB0AE3007836C4 /* TPSinaWeiboSDK.app */,
			);
			name = Products;
			sourceTree = "<group>";
		};
		F49C2E4217DB0AE3007836C4 /* Frameworks */ = {
			isa = PBXGroup;
			children = (
				F49C2F9717DB1515007836C4 /* libxml2.dylib */,
				F49C2F9517DB150A007836C4 /* libz.dylib */,
				F49C2F8717DB1008007836C4 /* SystemConfiguration.framework */,
				F49C2F8517DB0FFF007836C4 /* MobileCoreServices.framework */,
				F49C2F8317DB0FEE007836C4 /* CFNetwork.framework */,
				F49C2E4317DB0AE3007836C4 /* UIKit.framework */,
				F49C2E4517DB0AE3007836C4 /* Foundation.framework */,
				F49C2E4717DB0AE3007836C4 /* CoreGraphics.framework */,
			);
			name = Frameworks;
			sourceTree = "<group>";
		};
		F49C2E4917DB0AE3007836C4 /* TPSinaWeiboSDK */ = {
			isa = PBXGroup;
			children = (
				F49C30A317DB564D007836C4 /* TPSinaWeiboSDK */,
				F49C2E5217DB0AE3007836C4 /* AppDelegate.h */,
				F49C2E5317DB0AE3007836C4 /* AppDelegate.m */,
				F49C2E5B17DB0AE3007836C4 /* ViewController.h */,
				F49C2E5C17DB0AE3007836C4 /* ViewController.m */,
				F49C2E5E17DB0AE3007836C4 /* ViewController_iPhone.xib */,
				F49C2E6117DB0AE3007836C4 /* ViewController_iPad.xib */,
				F49C2E4A17DB0AE3007836C4 /* Supporting Files */,
			);
			path = TPSinaWeiboSDK;
			sourceTree = "<group>";
		};
		F49C2E4A17DB0AE3007836C4 /* Supporting Files */ = {
			isa = PBXGroup;
			children = (
				56F5DBA817DDF85D00B2B885 /* testImage.png */,
				F49C2E4B17DB0AE3007836C4 /* TPSinaWeiboSDK-Info.plist */,
				F49C2E4C17DB0AE3007836C4 /* InfoPlist.strings */,
				F49C2E4F17DB0AE3007836C4 /* main.m */,
				F49C2E5117DB0AE3007836C4 /* TPSinaWeiboSDK-Prefix.pch */,
				F49C2E5517DB0AE3007836C4 /* Default.png */,
				F49C2E5717DB0AE3007836C4 /* Default@2x.png */,
				F49C2E5917DB0AE3007836C4 /* Default-568h@2x.png */,
			);
			name = "Supporting Files";
			sourceTree = "<group>";
		};
		F49C2E6917DB0AFA007836C4 /* weibo */ = {
			isa = PBXGroup;
			children = (
				F49C2E6A17DB0AFA007836C4 /* JSONKit */,
				F49C2E6D17DB0AFA007836C4 /* SinaWeibo */,
			);
			path = weibo;
			sourceTree = "<group>";
		};
		F49C2E6A17DB0AFA007836C4 /* JSONKit */ = {
			isa = PBXGroup;
			children = (
				F49C2E6B17DB0AFA007836C4 /* JSONKit.h */,
				F49C2E6C17DB0AFA007836C4 /* JSONKit.m */,
			);
			path = JSONKit;
			sourceTree = "<group>";
		};
		F49C2E6D17DB0AFA007836C4 /* SinaWeibo */ = {
			isa = PBXGroup;
			children = (
				F49C2E6E17DB0AFA007836C4 /* SinaWeibo.bundle */,
				F49C2E6F17DB0AFA007836C4 /* SinaWeibo.h */,
				F49C2E7017DB0AFA007836C4 /* SinaWeibo.m */,
				F49C2E7117DB0AFA007836C4 /* SinaWeiboAuthorizeView.h */,
				F49C2E7217DB0AFA007836C4 /* SinaWeiboAuthorizeView.m */,
				F49C2E7317DB0AFA007836C4 /* SinaWeiboConstants.h */,
				F49C2E7417DB0AFA007836C4 /* SinaWeiboData.h */,
				F49C2E7517DB0AFA007836C4 /* SinaWeiboData.m */,
				F49C2E7617DB0AFA007836C4 /* SinaWeiboRequest.h */,
				F49C2E7717DB0AFA007836C4 /* SinaWeiboRequest.m */,
			);
			path = SinaWeibo;
			sourceTree = "<group>";
		};
		F49C30A317DB564D007836C4 /* TPSinaWeiboSDK */ = {
			isa = PBXGroup;
			children = (
				F49C30A417DB564D007836C4 /* ASIHttpRequest */,
				56A3B0DA17E16D93005ADC1C /* Account */,
				F49C30E017DB564D007836C4 /* ResourceRequest */,
				F49C30EA17DB564D007836C4 /* TPSinaWeiboEngine.h */,
				F49C30EB17DB564D007836C4 /* TPSinaWeiboEngine.m */,
				F49C30E317DB564D007836C4 /* TPNetworkManager.h */,
				F49C30E417DB564D007836C4 /* TPNetworkManager.m */,
				F49C30E717DB564D007836C4 /* TPSinaWeiboCommonFuction.h */,
				F49C30E817DB564D007836C4 /* TPSinaWeiboCommonFuction.m */,
				5635F98E17DECDB400826143 /* TPSinaWeiboConst.h */,
				5635F98F17DECDB400826143 /* TPSinaWeiboConst.m */,
			);
			path = TPSinaWeiboSDK;
			sourceTree = "<group>";
		};
		F49C30A417DB564D007836C4 /* ASIHttpRequest */ = {
			isa = PBXGroup;
			children = (
				F49C30A517DB564D007836C4 /* Classes */,
				F49C30DA17DB564D007836C4 /* External */,
			);
			path = ASIHttpRequest;
			sourceTree = "<group>";
		};
		F49C30A517DB564D007836C4 /* Classes */ = {
			isa = PBXGroup;
			children = (
				F49C30A617DB564D007836C4 /* ASIAuthenticationDialog.h */,
				F49C30A717DB564D007836C4 /* ASIAuthenticationDialog.m */,
				F49C30A817DB564D007836C4 /* ASICacheDelegate.h */,
				F49C30A917DB564D007836C4 /* ASIDataCompressor.h */,
				F49C30AA17DB564D007836C4 /* ASIDataCompressor.m */,
				F49C30AB17DB564D007836C4 /* ASIDataDecompressor.h */,
				F49C30AC17DB564D007836C4 /* ASIDataDecompressor.m */,
				F49C30AD17DB564D007836C4 /* ASIDownloadCache.h */,
				F49C30AE17DB564D007836C4 /* ASIDownloadCache.m */,
				F49C30AF17DB564D007836C4 /* ASIFormDataRequest.h */,
				F49C30B017DB564D007836C4 /* ASIFormDataRequest.m */,
				F49C30B117DB564D007836C4 /* ASIHTTPRequest.h */,
				F49C30B217DB564D007836C4 /* ASIHTTPRequest.m */,
				F49C30B317DB564D007836C4 /* ASIHTTPRequestConfig.h */,
				F49C30B417DB564D007836C4 /* ASIHTTPRequestDelegate.h */,
				F49C30B517DB564D007836C4 /* ASIInputStream.h */,
				F49C30B617DB564D007836C4 /* ASIInputStream.m */,
				F49C30B717DB564D007836C4 /* ASINetworkQueue.h */,
				F49C30B817DB564D007836C4 /* ASINetworkQueue.m */,
				F49C30B917DB564D007836C4 /* ASIProgressDelegate.h */,
				F49C30BA17DB564D007836C4 /* ASIWebPageRequest */,
				F49C30BD17DB564D007836C4 /* CloudFiles */,
				F49C30CC17DB564D007836C4 /* S3 */,
			);
			path = Classes;
			sourceTree = "<group>";
		};
		F49C30BA17DB564D007836C4 /* ASIWebPageRequest */ = {
			isa = PBXGroup;
			children = (
				F49C30BB17DB564D007836C4 /* ASIWebPageRequest.h */,
				F49C30BC17DB564D007836C4 /* ASIWebPageRequest.m */,
			);
			path = ASIWebPageRequest;
			sourceTree = "<group>";
		};
		F49C30BD17DB564D007836C4 /* CloudFiles */ = {
			isa = PBXGroup;
			children = (
				F49C30BE17DB564D007836C4 /* ASICloudFilesCDNRequest.h */,
				F49C30BF17DB564D007836C4 /* ASICloudFilesCDNRequest.m */,
				F49C30C017DB564D007836C4 /* ASICloudFilesContainer.h */,
				F49C30C117DB564D007836C4 /* ASICloudFilesContainer.m */,
				F49C30C217DB564D007836C4 /* ASICloudFilesContainerRequest.h */,
				F49C30C317DB564D007836C4 /* ASICloudFilesContainerRequest.m */,
				F49C30C417DB564D007836C4 /* ASICloudFilesContainerXMLParserDelegate.h */,
				F49C30C517DB564D007836C4 /* ASICloudFilesContainerXMLParserDelegate.m */,
				F49C30C617DB564D007836C4 /* ASICloudFilesObject.h */,
				F49C30C717DB564D007836C4 /* ASICloudFilesObject.m */,
				F49C30C817DB564D007836C4 /* ASICloudFilesObjectRequest.h */,
				F49C30C917DB564D007836C4 /* ASICloudFilesObjectRequest.m */,
				F49C30CA17DB564D007836C4 /* ASICloudFilesRequest.h */,
				F49C30CB17DB564D007836C4 /* ASICloudFilesRequest.m */,
			);
			path = CloudFiles;
			sourceTree = "<group>";
		};
		F49C30CC17DB564D007836C4 /* S3 */ = {
			isa = PBXGroup;
			children = (
				F49C30CD17DB564D007836C4 /* ASINSXMLParserCompat.h */,
				F49C30CE17DB564D007836C4 /* ASIS3Bucket.h */,
				F49C30CF17DB564D007836C4 /* ASIS3Bucket.m */,
				F49C30D017DB564D007836C4 /* ASIS3BucketObject.h */,
				F49C30D117DB564D007836C4 /* ASIS3BucketObject.m */,
				F49C30D217DB564D007836C4 /* ASIS3BucketRequest.h */,
				F49C30D317DB564D007836C4 /* ASIS3BucketRequest.m */,
				F49C30D417DB564D007836C4 /* ASIS3ObjectRequest.h */,
				F49C30D517DB564D007836C4 /* ASIS3ObjectRequest.m */,
				F49C30D617DB564D007836C4 /* ASIS3Request.h */,
				F49C30D717DB564D007836C4 /* ASIS3Request.m */,
				F49C30D817DB564D007836C4 /* ASIS3ServiceRequest.h */,
				F49C30D917DB564D007836C4 /* ASIS3ServiceRequest.m */,
			);
			path = S3;
			sourceTree = "<group>";
		};
		F49C30DA17DB564D007836C4 /* External */ = {
			isa = PBXGroup;
			children = (
				F49C30DB17DB564D007836C4 /* GHUnit */,
				F49C30DD17DB564D007836C4 /* Reachability */,
			);
			path = External;
			sourceTree = "<group>";
		};
		F49C30DB17DB564D007836C4 /* GHUnit */ = {
			isa = PBXGroup;
			children = (
				F49C30DC17DB564D007836C4 /* README-GHUnit */,
			);
			path = GHUnit;
			sourceTree = "<group>";
		};
		F49C30DD17DB564D007836C4 /* Reachability */ = {
			isa = PBXGroup;
			children = (
				F49C30DE17DB564D007836C4 /* Reachability.h */,
				F49C30DF17DB564D007836C4 /* Reachability.m */,
			);
			path = Reachability;
			sourceTree = "<group>";
		};
		F49C30E017DB564D007836C4 /* ResourceRequest */ = {
			isa = PBXGroup;
			children = (
				56F5DB9617DDDF0500B2B885 /* TPSinaWeiboRequestFactory.h */,
				56F5DB9717DDDF0500B2B885 /* TPSinaWeiboRequestFactory.m */,
				F49C30E117DB564D007836C4 /* TPSinaWeiboRequest.h */,
				F49C30E217DB564D007836C4 /* TPSinaWeiboRequest.m */,
				F4FC736C17DC828D00ED7D5E /* TPSinaWeiboUserInfoRequest.h */,
				F4FC736D17DC828D00ED7D5E /* TPSinaWeiboUserInfoRequest.m */,
				56F5DB9917DDE10700B2B885 /* TPSinaWeiboUserTimelineRequest.h */,
				56F5DB9A17DDE10700B2B885 /* TPSinaWeiboUserTimelineRequest.m */,
				56F5DB9C17DDED5800B2B885 /* TPSinaWeiboFriendsRequest.h */,
				56F5DB9D17DDED5800B2B885 /* TPSinaWeiboFriendsRequest.m */,
				56F5DB9F17DDED7F00B2B885 /* TPSinaWeiboCommentsRequest.h */,
				56F5DBA017DDED8000B2B885 /* TPSinaWeiboCommentsRequest.m */,
				56F5DBA217DDED9B00B2B885 /* TPSinaWeiboUpdateStatusRequest.h */,
				56F5DBA317DDED9C00B2B885 /* TPSinaWeiboUpdateStatusRequest.m */,
				56F5DBA517DDEDB300B2B885 /* TPSinaWeiboUploadStatusRequest.h */,
				56F5DBA617DDEDB300B2B885 /* TPSinaWeiboUploadStatusRequest.m */,
			);
			path = ResourceRequest;
			sourceTree = "<group>";
		};
/* End PBXGroup section */

/* Begin PBXNativeTarget section */
		F49C2E3F17DB0AE3007836C4 /* TPSinaWeiboSDK */ = {
			isa = PBXNativeTarget;
			buildConfigurationList = F49C2E6617DB0AE3007836C4 /* Build configuration list for PBXNativeTarget "TPSinaWeiboSDK" */;
			buildPhases = (
				F49C2E3C17DB0AE3007836C4 /* Sources */,
				F49C2E3D17DB0AE3007836C4 /* Frameworks */,
				F49C2E3E17DB0AE3007836C4 /* Resources */,
			);
			buildRules = (
			);
			dependencies = (
			);
			name = TPSinaWeiboSDK;
			productName = TPSinaWeiboSDK;
			productReference = F49C2E4017DB0AE3007836C4 /* TPSinaWeiboSDK.app */;
			productType = "com.apple.product-type.application";
		};
/* End PBXNativeTarget section */

/* Begin PBXProject section */
		F49C2E3817DB0AE3007836C4 /* Project object */ = {
			isa = PBXProject;
			attributes = {
				LastUpgradeCheck = 0460;
				ORGANIZATIONNAME = simon;
			};
			buildConfigurationList = F49C2E3B17DB0AE3007836C4 /* Build configuration list for PBXProject "TPSinaWeiboSDK" */;
			compatibilityVersion = "Xcode 3.2";
			developmentRegion = English;
			hasScannedForEncodings = 0;
			knownRegions = (
				en,
			);
			mainGroup = F49C2E3717DB0AE3007836C4;
			productRefGroup = F49C2E4117DB0AE3007836C4 /* Products */;
			projectDirPath = "";
			projectRoot = "";
			targets = (
				F49C2E3F17DB0AE3007836C4 /* TPSinaWeiboSDK */,
			);
		};
/* End PBXProject section */

/* Begin PBXResourcesBuildPhase section */
		F49C2E3E17DB0AE3007836C4 /* Resources */ = {
			isa = PBXResourcesBuildPhase;
			buildActionMask = 2147483647;
			files = (
				F49C2E4E17DB0AE3007836C4 /* InfoPlist.strings in Resources */,
				F49C2E5617DB0AE3007836C4 /* Default.png in Resources */,
				F49C2E5817DB0AE3007836C4 /* Default@2x.png in Resources */,
				F49C2E5A17DB0AE3007836C4 /* Default-568h@2x.png in Resources */,
				F49C2E6017DB0AE3007836C4 /* ViewController_iPhone.xib in Resources */,
				F49C2E6317DB0AE3007836C4 /* ViewController_iPad.xib in Resources */,
				F49C2E7917DB0AFA007836C4 /* SinaWeibo.bundle in Resources */,
				F49C310217DB564D007836C4 /* README-GHUnit in Resources */,
				56F5DBA917DDF85D00B2B885 /* testImage.png in Resources */,
			);
			runOnlyForDeploymentPostprocessing = 0;
		};
/* End PBXResourcesBuildPhase section */

/* Begin PBXSourcesBuildPhase section */
		F49C2E3C17DB0AE3007836C4 /* Sources */ = {
			isa = PBXSourcesBuildPhase;
			buildActionMask = 2147483647;
			files = (
				F49C2E5017DB0AE3007836C4 /* main.m in Sources */,
				F49C2E5417DB0AE3007836C4 /* AppDelegate.m in Sources */,
				F49C2E5D17DB0AE3007836C4 /* ViewController.m in Sources */,
				F49C2E7817DB0AFA007836C4 /* JSONKit.m in Sources */,
				F49C2E7A17DB0AFA007836C4 /* SinaWeibo.m in Sources */,
				F49C2E7B17DB0AFA007836C4 /* SinaWeiboAuthorizeView.m in Sources */,
				F49C2E7C17DB0AFA007836C4 /* SinaWeiboData.m in Sources */,
				F49C2E7D17DB0AFA007836C4 /* SinaWeiboRequest.m in Sources */,
				F49C30EC17DB564D007836C4 /* ASIAuthenticationDialog.m in Sources */,
				F49C30ED17DB564D007836C4 /* ASIDataCompressor.m in Sources */,
				F49C30EE17DB564D007836C4 /* ASIDataDecompressor.m in Sources */,
				F49C30EF17DB564D007836C4 /* ASIDownloadCache.m in Sources */,
				F49C30F017DB564D007836C4 /* ASIFormDataRequest.m in Sources */,
				F49C30F117DB564D007836C4 /* ASIHTTPRequest.m in Sources */,
				F49C30F217DB564D007836C4 /* ASIInputStream.m in Sources */,
				F49C30F317DB564D007836C4 /* ASINetworkQueue.m in Sources */,
				F49C30F417DB564D007836C4 /* ASIWebPageRequest.m in Sources */,
				F49C30F517DB564D007836C4 /* ASICloudFilesCDNRequest.m in Sources */,
				F49C30F617DB564D007836C4 /* ASICloudFilesContainer.m in Sources */,
				F49C30F717DB564D007836C4 /* ASICloudFilesContainerRequest.m in Sources */,
				F49C30F817DB564D007836C4 /* ASICloudFilesContainerXMLParserDelegate.m in Sources */,
				F49C30F917DB564D007836C4 /* ASICloudFilesObject.m in Sources */,
				F49C30FA17DB564D007836C4 /* ASICloudFilesObjectRequest.m in Sources */,
				F49C30FB17DB564D007836C4 /* ASICloudFilesRequest.m in Sources */,
				F49C30FC17DB564D007836C4 /* ASIS3Bucket.m in Sources */,
				F49C30FD17DB564D007836C4 /* ASIS3BucketObject.m in Sources */,
				F49C30FE17DB564D007836C4 /* ASIS3BucketRequest.m in Sources */,
				F49C30FF17DB564D007836C4 /* ASIS3ObjectRequest.m in Sources */,
				F49C310017DB564D007836C4 /* ASIS3Request.m in Sources */,
				F49C310117DB564D007836C4 /* ASIS3ServiceRequest.m in Sources */,
				F49C310317DB564D007836C4 /* Reachability.m in Sources */,
				F49C310417DB564D007836C4 /* TPSinaWeiboRequest.m in Sources */,
				F49C310517DB564D007836C4 /* TPNetworkManager.m in Sources */,
				F49C310717DB564D007836C4 /* TPSinaWeiboCommonFuction.m in Sources */,
				F49C310817DB564D007836C4 /* TPSinaWeiboEngine.m in Sources */,
				F4FC736E17DC828D00ED7D5E /* TPSinaWeiboUserInfoRequest.m in Sources */,
				56F5DB9817DDDF0500B2B885 /* TPSinaWeiboRequestFactory.m in Sources */,
				56F5DB9B17DDE10700B2B885 /* TPSinaWeiboUserTimelineRequest.m in Sources */,
				56F5DB9E17DDED5900B2B885 /* TPSinaWeiboFriendsRequest.m in Sources */,
				56F5DBA117DDED8100B2B885 /* TPSinaWeiboCommentsRequest.m in Sources */,
				56F5DBA417DDED9C00B2B885 /* TPSinaWeiboUpdateStatusRequest.m in Sources */,
				56F5DBA717DDEDB400B2B885 /* TPSinaWeiboUploadStatusRequest.m in Sources */,
				5635F99017DECDB500826143 /* TPSinaWeiboConst.m in Sources */,
				56A3B0DF17E16D93005ADC1C /* TPSinaWeiboAccount.m in Sources */,
				56A3B0E017E16D93005ADC1C /* TPSinaWeiboAccountService.m in Sources */,
			);
			runOnlyForDeploymentPostprocessing = 0;
		};
/* End PBXSourcesBuildPhase section */

/* Begin PBXVariantGroup section */
		F49C2E4C17DB0AE3007836C4 /* InfoPlist.strings */ = {
			isa = PBXVariantGroup;
			children = (
				F49C2E4D17DB0AE3007836C4 /* en */,
			);
			name = InfoPlist.strings;
			sourceTree = "<group>";
		};
		F49C2E5E17DB0AE3007836C4 /* ViewController_iPhone.xib */ = {
			isa = PBXVariantGroup;
			children = (
				F49C2E5F17DB0AE3007836C4 /* en */,
			);
			name = ViewController_iPhone.xib;
			sourceTree = "<group>";
		};
		F49C2E6117DB0AE3007836C4 /* ViewController_iPad.xib */ = {
			isa = PBXVariantGroup;
			children = (
				F49C2E6217DB0AE3007836C4 /* en */,
			);
			name = ViewController_iPad.xib;
			sourceTree = "<group>";
		};
/* End PBXVariantGroup section */

/* Begin XCBuildConfiguration section */
		F49C2E6417DB0AE3007836C4 /* Debug */ = {
			isa = XCBuildConfiguration;
			buildSettings = {
				ALWAYS_SEARCH_USER_PATHS = NO;
				CLANG_CXX_LANGUAGE_STANDARD = "gnu++0x";
				CLANG_CXX_LIBRARY = "libc++";
				CLANG_ENABLE_OBJC_ARC = YES;
				CLANG_WARN_CONSTANT_CONVERSION = YES;
				CLANG_WARN_EMPTY_BODY = YES;
				CLANG_WARN_ENUM_CONVERSION = YES;
				CLANG_WARN_INT_CONVERSION = YES;
				CLANG_WARN__DUPLICATE_METHOD_MATCH = YES;
				"CODE_SIGN_IDENTITY[sdk=iphoneos*]" = "iPhone Developer";
				COPY_PHASE_STRIP = NO;
				GCC_C_LANGUAGE_STANDARD = gnu99;
				GCC_DYNAMIC_NO_PIC = NO;
				GCC_OPTIMIZATION_LEVEL = 0;
				GCC_PREPROCESSOR_DEFINITIONS = (
					"DEBUG=1",
					"$(inherited)",
				);
				GCC_SYMBOLS_PRIVATE_EXTERN = NO;
				GCC_WARN_ABOUT_RETURN_TYPE = YES;
				GCC_WARN_UNINITIALIZED_AUTOS = YES;
				GCC_WARN_UNUSED_VARIABLE = YES;
				HEADER_SEARCH_PATHS = "";
				IPHONEOS_DEPLOYMENT_TARGET = 6.1;
				ONLY_ACTIVE_ARCH = YES;
				SDKROOT = iphoneos;
				TARGETED_DEVICE_FAMILY = "1,2";
			};
			name = Debug;
		};
		F49C2E6517DB0AE3007836C4 /* Release */ = {
			isa = XCBuildConfiguration;
			buildSettings = {
				ALWAYS_SEARCH_USER_PATHS = NO;
				CLANG_CXX_LANGUAGE_STANDARD = "gnu++0x";
				CLANG_CXX_LIBRARY = "libc++";
				CLANG_ENABLE_OBJC_ARC = YES;
				CLANG_WARN_CONSTANT_CONVERSION = YES;
				CLANG_WARN_EMPTY_BODY = YES;
				CLANG_WARN_ENUM_CONVERSION = YES;
				CLANG_WARN_INT_CONVERSION = YES;
				CLANG_WARN__DUPLICATE_METHOD_MATCH = YES;
				"CODE_SIGN_IDENTITY[sdk=iphoneos*]" = "iPhone Developer";
				COPY_PHASE_STRIP = YES;
				GCC_C_LANGUAGE_STANDARD = gnu99;
				GCC_WARN_ABOUT_RETURN_TYPE = YES;
				GCC_WARN_UNINITIALIZED_AUTOS = YES;
				GCC_WARN_UNUSED_VARIABLE = YES;
				HEADER_SEARCH_PATHS = "";
				IPHONEOS_DEPLOYMENT_TARGET = 6.1;
				OTHER_CFLAGS = "-DNS_BLOCK_ASSERTIONS=1";
				SDKROOT = iphoneos;
				TARGETED_DEVICE_FAMILY = "1,2";
				VALIDATE_PRODUCT = YES;
			};
			name = Release;
		};
		F49C2E6717DB0AE3007836C4 /* Debug */ = {
			isa = XCBuildConfiguration;
			buildSettings = {
				GCC_PRECOMPILE_PREFIX_HEADER = YES;
				GCC_PREFIX_HEADER = "TPSinaWeiboSDK/TPSinaWeiboSDK-Prefix.pch";
				HEADER_SEARCH_PATHS = "${SDK_DIR}/usr/include/libxml2";
				INFOPLIST_FILE = "TPSinaWeiboSDK/TPSinaWeiboSDK-Info.plist";
				IPHONEOS_DEPLOYMENT_TARGET = 6.1;
				OTHER_LDFLAGS = "";
				PRODUCT_NAME = "$(TARGET_NAME)";
				WRAPPER_EXTENSION = app;
			};
			name = Debug;
		};
		F49C2E6817DB0AE3007836C4 /* Release */ = {
			isa = XCBuildConfiguration;
			buildSettings = {
				GCC_PRECOMPILE_PREFIX_HEADER = YES;
				GCC_PREFIX_HEADER = "TPSinaWeiboSDK/TPSinaWeiboSDK-Prefix.pch";
				HEADER_SEARCH_PATHS = "${SDK_DIR}/usr/include/libxml2";
				INFOPLIST_FILE = "TPSinaWeiboSDK/TPSinaWeiboSDK-Info.plist";
				IPHONEOS_DEPLOYMENT_TARGET = 6.1;
				OTHER_LDFLAGS = "";
				PRODUCT_NAME = "$(TARGET_NAME)";
				WRAPPER_EXTENSION = app;
			};
			name = Release;
		};
/* End XCBuildConfiguration section */

/* Begin XCConfigurationList section */
		F49C2E3B17DB0AE3007836C4 /* Build configuration list for PBXProject "TPSinaWeiboSDK" */ = {
			isa = XCConfigurationList;
			buildConfigurations = (
				F49C2E6417DB0AE3007836C4 /* Debug */,
				F49C2E6517DB0AE3007836C4 /* Release */,
			);
			defaultConfigurationIsVisible = 0;
			defaultConfigurationName = Release;
		};
		F49C2E6617DB0AE3007836C4 /* Build configuration list for PBXNativeTarget "TPSinaWeiboSDK" */ = {
			isa = XCConfigurationList;
			buildConfigurations = (
				F49C2E6717DB0AE3007836C4 /* Debug */,
				F49C2E6817DB0AE3007836C4 /* Release */,
			);
			defaultConfigurationIsVisible = 0;
			defaultConfigurationName = Release;
		};
/* End XCConfigurationList section */
	};
	rootObject = F49C2E3817DB0AE3007836C4 /* Project object */;
}
